
Microsoft Visual Studio Solution File, Format Version 12.00
# Visual Studio Version 17
VisualStudioVersion = 17.9.34714.143
MinimumVisualStudioVersion = 10.0.40219.1
Project("{FAE04EC0-301F-11D3-BF4B-00C04F79EFBC}") = "ArraysInclude", "ArraysInclude\ArraysInclude.csproj", "{98CF65CA-3C30-4EC4-8A65-3E2E70932A20}"
EndProject
Global
	GlobalSection(SolutionConfigurationPlatforms) = preSolution
		Debug|Any CPU = Debug|Any CPU
		Release|Any CPU = Release|Any CPU
	EndGlobalSection
	GlobalSection(ProjectConfigurationPlatforms) = postSolution
		{98CF65CA-3C30-4EC4-8A65-3E2E70932A20}.Debug|Any CPU.ActiveCfg = Debug|Any CPU
		{98CF65CA-3C30-4EC4-8A65-3E2E70932A20}.Debug|Any CPU.Build.0 = Debug|Any CPU
		{98CF65CA-3C30-4EC4-8A65-3E2E70932A20}.Release|Any CPU.ActiveCfg = Release|Any CPU
		{98CF65CA-3C30-4EC4-8A65-3E2E70932A20}.Release|Any CPU.Build.0 = Release|Any CPU
	EndGlobalSection
	GlobalSection(SolutionProperties) = preSolution
		HideSolutionNode = FALSE
	EndGlobalSection
	GlobalSection(ExtensibilityGlobals) = postSolution
		SolutionGuid = {258403B9-4A38-428C-9E60-3A5157636686}
	EndGlobalSection
EndGlobal
