
Microsoft Visual Studio Solution File, Format Version 12.00
# Visual Studio Version 17
VisualStudioVersion = 17.9.34714.143
MinimumVisualStudioVersion = 10.0.40219.1
Project("{FAE04EC0-301F-11D3-BF4B-00C04F79EFBC}") = "Elements-1", "Elements-1\Elements-1.csproj", "{E1DBC823-36BC-474D-AB22-8303DFC5735F}"
EndProject
Global
	GlobalSection(SolutionConfigurationPlatforms) = preSolution
		Debug|Any CPU = Debug|Any CPU
		Release|Any CPU = Release|Any CPU
	EndGlobalSection
	GlobalSection(ProjectConfigurationPlatforms) = postSolution
		{E1DBC823-36BC-474D-AB22-8303DFC5735F}.Debug|Any CPU.ActiveCfg = Debug|Any CPU
		{E1DBC823-36BC-474D-AB22-8303DFC5735F}.Debug|Any CPU.Build.0 = Debug|Any CPU
		{E1DBC823-36BC-474D-AB22-8303DFC5735F}.Release|Any CPU.ActiveCfg = Release|Any CPU
		{E1DBC823-36BC-474D-AB22-8303DFC5735F}.Release|Any CPU.Build.0 = Release|Any CPU
	EndGlobalSection
	GlobalSection(SolutionProperties) = preSolution
		HideSolutionNode = FALSE
	EndGlobalSection
	GlobalSection(ExtensibilityGlobals) = postSolution
		SolutionGuid = {2DE5D651-ECCE-487C-A944-D43E5C0EFA0E}
	EndGlobalSection
EndGlobal
