
Microsoft Visual Studio Solution File, Format Version 12.00
# Visual Studio Version 17
VisualStudioVersion = 17.9.34714.143
MinimumVisualStudioVersion = 10.0.40219.1
Project("{FAE04EC0-301F-11D3-BF4B-00C04F79EFBC}") = "SymbolASCII", "SymbolASCII\SymbolASCII.csproj", "{6AE6B3B7-E67F-46CB-B0D8-47FE55FFDC16}"
EndProject
Global
	GlobalSection(SolutionConfigurationPlatforms) = preSolution
		Debug|Any CPU = Debug|Any CPU
		Release|Any CPU = Release|Any CPU
	EndGlobalSection
	GlobalSection(ProjectConfigurationPlatforms) = postSolution
		{6AE6B3B7-E67F-46CB-B0D8-47FE55FFDC16}.Debug|Any CPU.ActiveCfg = Debug|Any CPU
		{6AE6B3B7-E67F-46CB-B0D8-47FE55FFDC16}.Debug|Any CPU.Build.0 = Debug|Any CPU
		{6AE6B3B7-E67F-46CB-B0D8-47FE55FFDC16}.Release|Any CPU.ActiveCfg = Release|Any CPU
		{6AE6B3B7-E67F-46CB-B0D8-47FE55FFDC16}.Release|Any CPU.Build.0 = Release|Any CPU
	EndGlobalSection
	GlobalSection(SolutionProperties) = preSolution
		HideSolutionNode = FALSE
	EndGlobalSection
	GlobalSection(ExtensibilityGlobals) = postSolution
		SolutionGuid = {CBBCCDC2-B220-491C-9887-5BD1000E210A}
	EndGlobalSection
EndGlobal
