
Microsoft Visual Studio Solution File, Format Version 12.00
# Visual Studio Version 17
VisualStudioVersion = 17.9.34714.143
MinimumVisualStudioVersion = 10.0.40219.1
Project("{FAE04EC0-301F-11D3-BF4B-00C04F79EFBC}") = "SumbolH", "SumbolH\SumbolH.csproj", "{1F919FB3-555A-4555-B3BA-99F0193F41C5}"
EndProject
Global
	GlobalSection(SolutionConfigurationPlatforms) = preSolution
		Debug|Any CPU = Debug|Any CPU
		Release|Any CPU = Release|Any CPU
	EndGlobalSection
	GlobalSection(ProjectConfigurationPlatforms) = postSolution
		{1F919FB3-555A-4555-B3BA-99F0193F41C5}.Debug|Any CPU.ActiveCfg = Debug|Any CPU
		{1F919FB3-555A-4555-B3BA-99F0193F41C5}.Debug|Any CPU.Build.0 = Debug|Any CPU
		{1F919FB3-555A-4555-B3BA-99F0193F41C5}.Release|Any CPU.ActiveCfg = Release|Any CPU
		{1F919FB3-555A-4555-B3BA-99F0193F41C5}.Release|Any CPU.Build.0 = Release|Any CPU
	EndGlobalSection
	GlobalSection(SolutionProperties) = preSolution
		HideSolutionNode = FALSE
	EndGlobalSection
	GlobalSection(ExtensibilityGlobals) = postSolution
		SolutionGuid = {68AE3FE3-C5F9-4999-A246-6349CA641A09}
	EndGlobalSection
EndGlobal
